
Microsoft Visual Studio Solution File, Format Version 12.00
# Visual Studio Version 17
VisualStudioVersion = 17.14.36518.9 d17.14
MinimumVisualStudioVersion = 10.0.40219.1
Project("{FAE04EC0-301F-11D3-BF4B-00C04F79EFBC}") = "API_Veterinaria", "API_Veterinaria\API_Veterinaria.csproj", "{1F8FB42E-9BB9-401E-AFB4-FE9B01AA78B9}"
EndProject
Global
	GlobalSection(SolutionConfigurationPlatforms) = preSolution
		Debug|Any CPU = Debug|Any CPU
		Release|Any CPU = Release|Any CPU
	EndGlobalSection
	GlobalSection(ProjectConfigurationPlatforms) = postSolution
		{1F8FB42E-9BB9-401E-AFB4-FE9B01AA78B9}.Debug|Any CPU.ActiveCfg = Debug|Any CPU
		{1F8FB42E-9BB9-401E-AFB4-FE9B01AA78B9}.Debug|Any CPU.Build.0 = Debug|Any CPU
		{1F8FB42E-9BB9-401E-AFB4-FE9B01AA78B9}.Release|Any CPU.ActiveCfg = Release|Any CPU
		{1F8FB42E-9BB9-401E-AFB4-FE9B01AA78B9}.Release|Any CPU.Build.0 = Release|Any CPU
	EndGlobalSection
	GlobalSection(SolutionProperties) = preSolution
		HideSolutionNode = FALSE
	EndGlobalSection
	GlobalSection(ExtensibilityGlobals) = postSolution
		SolutionGuid = {D2B653D9-9CE6-4377-B7CE-87C4B3952627}
	EndGlobalSection
EndGlobal
